
Microsoft Visual Studio Solution File, Format Version 12.00
# Visual Studio Version 16
VisualStudioVersion = 16.0.31624.102
MinimumVisualStudioVersion = 10.0.40219.1
Project("{FAE04EC0-301F-11D3-BF4B-00C04F79EFBC}") = "Будаев Иван Домашка", "Будаев Иван Домашка\Будаев Иван Домашка.csproj", "{22B66DA9-345A-4641-A251-894AA86A1074}"
EndProject
Global
	GlobalSection(SolutionConfigurationPlatforms) = preSolution
		Debug|Any CPU = Debug|Any CPU
		Release|Any CPU = Release|Any CPU
	EndGlobalSection
	GlobalSection(ProjectConfigurationPlatforms) = postSolution
		{22B66DA9-345A-4641-A251-894AA86A1074}.Debug|Any CPU.ActiveCfg = Debug|Any CPU
		{22B66DA9-345A-4641-A251-894AA86A1074}.Debug|Any CPU.Build.0 = Debug|Any CPU
		{22B66DA9-345A-4641-A251-894AA86A1074}.Release|Any CPU.ActiveCfg = Release|Any CPU
		{22B66DA9-345A-4641-A251-894AA86A1074}.Release|Any CPU.Build.0 = Release|Any CPU
	EndGlobalSection
	GlobalSection(SolutionProperties) = preSolution
		HideSolutionNode = FALSE
	EndGlobalSection
	GlobalSection(ExtensibilityGlobals) = postSolution
		SolutionGuid = {78725D37-1290-488D-B200-BCD7A09D7FE7}
	EndGlobalSection
EndGlobal
